// !$*UTF8*$!
{
	archiveVersion = 1;
	classes = {
	};
	objectVersion = 46;
	objects = {

/* Begin PBXBuildFile section */
		790309BB1F2603C20083B2A9 /* AppDelegate.swift in Sources */ = {isa = PBXBuildFile; fileRef = 790309BA1F2603C20083B2A9 /* AppDelegate.swift */; };
		790309C01F2603C20083B2A9 /* Main.storyboard in Resources */ = {isa = PBXBuildFile; fileRef = 790309BE1F2603C20083B2A9 /* Main.storyboard */; };
		790309C31F2603C30083B2A9 /* DB2Slider_testTask.xcdatamodeld in Sources */ = {isa = PBXBuildFile; fileRef = 790309C11F2603C30083B2A9 /* DB2Slider_testTask.xcdatamodeld */; };
		790309C51F2603C30083B2A9 /* Assets.xcassets in Resources */ = {isa = PBXBuildFile; fileRef = 790309C41F2603C30083B2A9 /* Assets.xcassets */; };
		790309C81F2603C30083B2A9 /* LaunchScreen.storyboard in Resources */ = {isa = PBXBuildFile; fileRef = 790309C61F2603C30083B2A9 /* LaunchScreen.storyboard */; };
		790309D31F2603C30083B2A9 /* DB2Slider_testTaskTests.swift in Sources */ = {isa = PBXBuildFile; fileRef = 790309D21F2603C30083B2A9 /* DB2Slider_testTaskTests.swift */; };
		790309E31F2604E70083B2A9 /* ViewControllerZero.swift in Sources */ = {isa = PBXBuildFile; fileRef = 790309E21F2604E70083B2A9 /* ViewControllerZero.swift */; };
		79297C011F2A2222002178E3 /* LoginViewController.swift in Sources */ = {isa = PBXBuildFile; fileRef = 79297C001F2A2222002178E3 /* LoginViewController.swift */; };
		793F6B341F28CFEC00ECD7DC /* DialogCell.swift in Sources */ = {isa = PBXBuildFile; fileRef = 793F6B331F28CFEC00ECD7DC /* DialogCell.swift */; };
		794286F41F2A31DC002B0D0F /* UsersAndMessages.swift in Sources */ = {isa = PBXBuildFile; fileRef = 794286F31F2A31DB002B0D0F /* UsersAndMessages.swift */; };
		794286F61F2A3403002B0D0F /* UserCC.swift in Sources */ = {isa = PBXBuildFile; fileRef = 794286F51F2A3403002B0D0F /* UserCC.swift */; };
		794286F81F2A3530002B0D0F /* lastMessageCC.swift in Sources */ = {isa = PBXBuildFile; fileRef = 794286F71F2A3530002B0D0F /* lastMessageCC.swift */; };
		799996491F260CBE00126FE8 /* ContactDetailsModel.swift in Sources */ = {isa = PBXBuildFile; fileRef = 799996481F260CBE00126FE8 /* ContactDetailsModel.swift */; };
		7999964B1F260D1000126FE8 /* ViewControllerOne.swift in Sources */ = {isa = PBXBuildFile; fileRef = 7999964A1F260D1000126FE8 /* ViewControllerOne.swift */; };
		7999964D1F260D3000126FE8 /* ViewControllerTwo.swift in Sources */ = {isa = PBXBuildFile; fileRef = 7999964C1F260D3000126FE8 /* ViewControllerTwo.swift */; };
		7999964F1F260D9B00126FE8 /* ViewControllerThree.swift in Sources */ = {isa = PBXBuildFile; fileRef = 7999964E1F260D9B00126FE8 /* ViewControllerThree.swift */; };
		799996561F26314E00126FE8 /* ContactDetailsCell.swift in Sources */ = {isa = PBXBuildFile; fileRef = 799996541F26314E00126FE8 /* ContactDetailsCell.swift */; };
		7999965A1F277E2200126FE8 /* Constants.swift in Sources */ = {isa = PBXBuildFile; fileRef = 799996591F277E2200126FE8 /* Constants.swift */; };
		7999965C1F2782B400126FE8 /* DialogDetailsVC.swift in Sources */ = {isa = PBXBuildFile; fileRef = 7999965B1F2782B400126FE8 /* DialogDetailsVC.swift */; };
		E17218EB5E2EB8E3552C708F /* Pods_DB2Slider_testTask.framework in Frameworks */ = {isa = PBXBuildFile; fileRef = 41032607E8121528FE2AD486 /* Pods_DB2Slider_testTask.framework */; };
/* End PBXBuildFile section */

/* Begin PBXContainerItemProxy section */
		790309CF1F2603C30083B2A9 /* PBXContainerItemProxy */ = {
			isa = PBXContainerItemProxy;
			containerPortal = 790309AF1F2603C20083B2A9 /* Project object */;
			proxyType = 1;
			remoteGlobalIDString = 790309B61F2603C20083B2A9;
			remoteInfo = DB2Slider_testTask;
		};
/* End PBXContainerItemProxy section */

/* Begin PBXFileReference section */
		3E5E67BCF78B3D79DE692B8C /* Pods-DB2Slider_testTask.debug.xcconfig */ = {isa = PBXFileReference; includeInIndex = 1; lastKnownFileType = text.xcconfig; name = "Pods-DB2Slider_testTask.debug.xcconfig"; path = "Pods/Target Support Files/Pods-DB2Slider_testTask/Pods-DB2Slider_testTask.debug.xcconfig"; sourceTree = "<group>"; };
		41032607E8121528FE2AD486 /* Pods_DB2Slider_testTask.framework */ = {isa = PBXFileReference; explicitFileType = wrapper.framework; includeInIndex = 0; path = Pods_DB2Slider_testTask.framework; sourceTree = BUILT_PRODUCTS_DIR; };
		790309B71F2603C20083B2A9 /* DB2Slider_testTask.app */ = {isa = PBXFileReference; explicitFileType = wrapper.application; includeInIndex = 0; path = DB2Slider_testTask.app; sourceTree = BUILT_PRODUCTS_DIR; };
		790309BA1F2603C20083B2A9 /* AppDelegate.swift */ = {isa = PBXFileReference; lastKnownFileType = sourcecode.swift; path = AppDelegate.swift; sourceTree = "<group>"; };
		790309BF1F2603C20083B2A9 /* Base */ = {isa = PBXFileReference; lastKnownFileType = file.storyboard; name = Base; path = Base.lproj/Main.storyboard; sourceTree = "<group>"; };
		790309C21F2603C30083B2A9 /* DB2Slider_testTask.xcdatamodel */ = {isa = PBXFileReference; lastKnownFileType = wrapper.xcdatamodel; path = DB2Slider_testTask.xcdatamodel; sourceTree = "<group>"; };
		790309C41F2603C30083B2A9 /* Assets.xcassets */ = {isa = PBXFileReference; lastKnownFileType = folder.assetcatalog; path = Assets.xcassets; sourceTree = "<group>"; };
		790309C71F2603C30083B2A9 /* Base */ = {isa = PBXFileReference; lastKnownFileType = file.storyboard; name = Base; path = Base.lproj/LaunchScreen.storyboard; sourceTree = "<group>"; };
		790309C91F2603C30083B2A9 /* Info.plist */ = {isa = PBXFileReference; lastKnownFileType = text.plist.xml; path = Info.plist; sourceTree = "<group>"; };
		790309CE1F2603C30083B2A9 /* DB2Slider_testTaskTests.xctest */ = {isa = PBXFileReference; explicitFileType = wrapper.cfbundle; includeInIndex = 0; path = DB2Slider_testTaskTests.xctest; sourceTree = BUILT_PRODUCTS_DIR; };
		790309D21F2603C30083B2A9 /* DB2Slider_testTaskTests.swift */ = {isa = PBXFileReference; lastKnownFileType = sourcecode.swift; path = DB2Slider_testTaskTests.swift; sourceTree = "<group>"; };
		790309D41F2603C40083B2A9 /* Info.plist */ = {isa = PBXFileReference; lastKnownFileType = text.plist.xml; path = Info.plist; sourceTree = "<group>"; };
		790309E21F2604E70083B2A9 /* ViewControllerZero.swift */ = {isa = PBXFileReference; fileEncoding = 4; lastKnownFileType = sourcecode.swift; name = ViewControllerZero.swift; path = Controller/ViewControllerZero.swift; sourceTree = "<group>"; };
		79297C001F2A2222002178E3 /* LoginViewController.swift */ = {isa = PBXFileReference; fileEncoding = 4; lastKnownFileType = sourcecode.swift; name = LoginViewController.swift; path = Controller/LoginViewController.swift; sourceTree = "<group>"; };
		793F6B331F28CFEC00ECD7DC /* DialogCell.swift */ = {isa = PBXFileReference; fileEncoding = 4; lastKnownFileType = sourcecode.swift; name = DialogCell.swift; path = View/DialogCell.swift; sourceTree = "<group>"; };
		794286F31F2A31DB002B0D0F /* UsersAndMessages.swift */ = {isa = PBXFileReference; fileEncoding = 4; lastKnownFileType = sourcecode.swift; path = UsersAndMessages.swift; sourceTree = "<group>"; };
		794286F51F2A3403002B0D0F /* UserCC.swift */ = {isa = PBXFileReference; fileEncoding = 4; lastKnownFileType = sourcecode.swift; name = UserCC.swift; path = Model/UserCC.swift; sourceTree = "<group>"; };
		794286F71F2A3530002B0D0F /* lastMessageCC.swift */ = {isa = PBXFileReference; fileEncoding = 4; lastKnownFileType = sourcecode.swift; name = lastMessageCC.swift; path = Model/lastMessageCC.swift; sourceTree = "<group>"; };
		799996481F260CBE00126FE8 /* ContactDetailsModel.swift */ = {isa = PBXFileReference; fileEncoding = 4; lastKnownFileType = sourcecode.swift; name = ContactDetailsModel.swift; path = Model/ContactDetailsModel.swift; sourceTree = "<group>"; };
		7999964A1F260D1000126FE8 /* ViewControllerOne.swift */ = {isa = PBXFileReference; fileEncoding = 4; lastKnownFileType = sourcecode.swift; name = ViewControllerOne.swift; path = Controller/ViewControllerOne.swift; sourceTree = "<group>"; };
		7999964C1F260D3000126FE8 /* ViewControllerTwo.swift */ = {isa = PBXFileReference; fileEncoding = 4; lastKnownFileType = sourcecode.swift; name = ViewControllerTwo.swift; path = Controller/ViewControllerTwo.swift; sourceTree = "<group>"; };
		7999964E1F260D9B00126FE8 /* ViewControllerThree.swift */ = {isa = PBXFileReference; fileEncoding = 4; lastKnownFileType = sourcecode.swift; name = ViewControllerThree.swift; path = Controller/ViewControllerThree.swift; sourceTree = "<group>"; };
		799996541F26314E00126FE8 /* ContactDetailsCell.swift */ = {isa = PBXFileReference; fileEncoding = 4; lastKnownFileType = sourcecode.swift; name = ContactDetailsCell.swift; path = View/ContactDetailsCell.swift; sourceTree = "<group>"; };
		799996591F277E2200126FE8 /* Constants.swift */ = {isa = PBXFileReference; fileEncoding = 4; lastKnownFileType = sourcecode.swift; name = Constants.swift; path = Utils/Constants.swift; sourceTree = "<group>"; };
		7999965B1F2782B400126FE8 /* DialogDetailsVC.swift */ = {isa = PBXFileReference; fileEncoding = 4; lastKnownFileType = sourcecode.swift; name = DialogDetailsVC.swift; path = Controller/DialogDetailsVC.swift; sourceTree = "<group>"; };
		C1F0FDD6689A9DE050517559 /* Pods-DB2Slider_testTask.release.xcconfig */ = {isa = PBXFileReference; includeInIndex = 1; lastKnownFileType = text.xcconfig; name = "Pods-DB2Slider_testTask.release.xcconfig"; path = "Pods/Target Support Files/Pods-DB2Slider_testTask/Pods-DB2Slider_testTask.release.xcconfig"; sourceTree = "<group>"; };
/* End PBXFileReference section */

/* Begin PBXFrameworksBuildPhase section */
		790309B41F2603C20083B2A9 /* Frameworks */ = {
			isa = PBXFrameworksBuildPhase;
			buildActionMask = 2147483647;
			files = (
				E17218EB5E2EB8E3552C708F /* Pods_DB2Slider_testTask.framework in Frameworks */,
			);
			runOnlyForDeploymentPostprocessing = 0;
		};
		790309CB1F2603C30083B2A9 /* Frameworks */ = {
			isa = PBXFrameworksBuildPhase;
			buildActionMask = 2147483647;
			files = (
			);
			runOnlyForDeploymentPostprocessing = 0;
		};
/* End PBXFrameworksBuildPhase section */

/* Begin PBXGroup section */
		5226969D41D6FD6137510BA1 /* Pods */ = {
			isa = PBXGroup;
			children = (
				3E5E67BCF78B3D79DE692B8C /* Pods-DB2Slider_testTask.debug.xcconfig */,
				C1F0FDD6689A9DE050517559 /* Pods-DB2Slider_testTask.release.xcconfig */,
			);
			name = Pods;
			sourceTree = "<group>";
		};
		790309AE1F2603C20083B2A9 = {
			isa = PBXGroup;
			children = (
				790309B91F2603C20083B2A9 /* DB2Slider_testTask */,
				790309D11F2603C30083B2A9 /* DB2Slider_testTaskTests */,
				790309B81F2603C20083B2A9 /* Products */,
				5226969D41D6FD6137510BA1 /* Pods */,
				F2A92407BA95C6EFE6967C70 /* Frameworks */,
			);
			sourceTree = "<group>";
		};
		790309B81F2603C20083B2A9 /* Products */ = {
			isa = PBXGroup;
			children = (
				790309B71F2603C20083B2A9 /* DB2Slider_testTask.app */,
				790309CE1F2603C30083B2A9 /* DB2Slider_testTaskTests.xctest */,
			);
			name = Products;
			sourceTree = "<group>";
		};
		790309B91F2603C20083B2A9 /* DB2Slider_testTask */ = {
			isa = PBXGroup;
			children = (
				799996581F277DE400126FE8 /* Utils */,
				790309DF1F2603EB0083B2A9 /* Model */,
				790309DE1F2603E50083B2A9 /* View */,
				790309DD1F2603D90083B2A9 /* Controller */,
				790309C41F2603C30083B2A9 /* Assets.xcassets */,
				790309C61F2603C30083B2A9 /* LaunchScreen.storyboard */,
				790309C91F2603C30083B2A9 /* Info.plist */,
				790309C11F2603C30083B2A9 /* DB2Slider_testTask.xcdatamodeld */,
			);
			path = DB2Slider_testTask;
			sourceTree = "<group>";
		};
		790309D11F2603C30083B2A9 /* DB2Slider_testTaskTests */ = {
			isa = PBXGroup;
			children = (
				790309D21F2603C30083B2A9 /* DB2Slider_testTaskTests.swift */,
				790309D41F2603C40083B2A9 /* Info.plist */,
			);
			path = DB2Slider_testTaskTests;
			sourceTree = "<group>";
		};
		790309DD1F2603D90083B2A9 /* Controller */ = {
			isa = PBXGroup;
			children = (
				79297C001F2A2222002178E3 /* LoginViewController.swift */,
				790309E21F2604E70083B2A9 /* ViewControllerZero.swift */,
				7999965B1F2782B400126FE8 /* DialogDetailsVC.swift */,
				7999964A1F260D1000126FE8 /* ViewControllerOne.swift */,
				7999964C1F260D3000126FE8 /* ViewControllerTwo.swift */,
				7999964E1F260D9B00126FE8 /* ViewControllerThree.swift */,
			);
			name = Controller;
			sourceTree = "<group>";
		};
		790309DE1F2603E50083B2A9 /* View */ = {
			isa = PBXGroup;
			children = (
				790309BA1F2603C20083B2A9 /* AppDelegate.swift */,
				790309BE1F2603C20083B2A9 /* Main.storyboard */,
				799996541F26314E00126FE8 /* ContactDetailsCell.swift */,
				793F6B331F28CFEC00ECD7DC /* DialogCell.swift */,
			);
			name = View;
			sourceTree = "<group>";
		};
		790309DF1F2603EB0083B2A9 /* Model */ = {
			isa = PBXGroup;
			children = (
				799996481F260CBE00126FE8 /* ContactDetailsModel.swift */,
				794286F31F2A31DB002B0D0F /* UsersAndMessages.swift */,
				794286F51F2A3403002B0D0F /* UserCC.swift */,
				794286F71F2A3530002B0D0F /* lastMessageCC.swift */,
			);
			name = Model;
			sourceTree = "<group>";
		};
		799996581F277DE400126FE8 /* Utils */ = {
			isa = PBXGroup;
			children = (
				799996591F277E2200126FE8 /* Constants.swift */,
			);
			name = Utils;
			sourceTree = "<group>";
		};
		F2A92407BA95C6EFE6967C70 /* Frameworks */ = {
			isa = PBXGroup;
			children = (
				41032607E8121528FE2AD486 /* Pods_DB2Slider_testTask.framework */,
			);
			name = Frameworks;
			sourceTree = "<group>";
		};
/* End PBXGroup section */

/* Begin PBXNativeTarget section */
		790309B61F2603C20083B2A9 /* DB2Slider_testTask */ = {
			isa = PBXNativeTarget;
			buildConfigurationList = 790309D71F2603C40083B2A9 /* Build configuration list for PBXNativeTarget "DB2Slider_testTask" */;
			buildPhases = (
				9D222C0FF6B773917DF7E36C /* [CP] Check Pods Manifest.lock */,
				790309B31F2603C20083B2A9 /* Sources */,
				790309B41F2603C20083B2A9 /* Frameworks */,
				790309B51F2603C20083B2A9 /* Resources */,
				66D6BDDC2C97A847034187A5 /* [CP] Embed Pods Frameworks */,
				10B202392CC6B37311BBAA92 /* [CP] Copy Pods Resources */,
			);
			buildRules = (
			);
			dependencies = (
			);
			name = DB2Slider_testTask;
			productName = DB2Slider_testTask;
			productReference = 790309B71F2603C20083B2A9 /* DB2Slider_testTask.app */;
			productType = "com.apple.product-type.application";
		};
		790309CD1F2603C30083B2A9 /* DB2Slider_testTaskTests */ = {
			isa = PBXNativeTarget;
			buildConfigurationList = 790309DA1F2603C40083B2A9 /* Build configuration list for PBXNativeTarget "DB2Slider_testTaskTests" */;
			buildPhases = (
				790309CA1F2603C30083B2A9 /* Sources */,
				790309CB1F2603C30083B2A9 /* Frameworks */,
				790309CC1F2603C30083B2A9 /* Resources */,
			);
			buildRules = (
			);
			dependencies = (
				790309D01F2603C30083B2A9 /* PBXTargetDependency */,
			);
			name = DB2Slider_testTaskTests;
			productName = DB2Slider_testTaskTests;
			productReference = 790309CE1F2603C30083B2A9 /* DB2Slider_testTaskTests.xctest */;
			productType = "com.apple.product-type.bundle.unit-test";
		};
/* End PBXNativeTarget section */

/* Begin PBXProject section */
		790309AF1F2603C20083B2A9 /* Project object */ = {
			isa = PBXProject;
			attributes = {
				LastSwiftUpdateCheck = 0820;
				LastUpgradeCheck = 0820;
				ORGANIZATIONNAME = PatataMatata;
				TargetAttributes = {
					790309B61F2603C20083B2A9 = {
						CreatedOnToolsVersion = 8.2.1;
						DevelopmentTeam = JPTEFF2RW3;
						ProvisioningStyle = Automatic;
					};
					790309CD1F2603C30083B2A9 = {
						CreatedOnToolsVersion = 8.2.1;
						DevelopmentTeam = JPTEFF2RW3;
						ProvisioningStyle = Automatic;
						TestTargetID = 790309B61F2603C20083B2A9;
					};
				};
			};
			buildConfigurationList = 790309B21F2603C20083B2A9 /* Build configuration list for PBXProject "DB2Slider_testTask" */;
			compatibilityVersion = "Xcode 3.2";
			developmentRegion = English;
			hasScannedForEncodings = 0;
			knownRegions = (
				en,
				Base,
			);
			mainGroup = 790309AE1F2603C20083B2A9;
			productRefGroup = 790309B81F2603C20083B2A9 /* Products */;
			projectDirPath = "";
			projectRoot = "";
			targets = (
				790309B61F2603C20083B2A9 /* DB2Slider_testTask */,
				790309CD1F2603C30083B2A9 /* DB2Slider_testTaskTests */,
			);
		};
/* End PBXProject section */

/* Begin PBXResourcesBuildPhase section */
		790309B51F2603C20083B2A9 /* Resources */ = {
			isa = PBXResourcesBuildPhase;
			buildActionMask = 2147483647;
			files = (
				790309C81F2603C30083B2A9 /* LaunchScreen.storyboard in Resources */,
				790309C51F2603C30083B2A9 /* Assets.xcassets in Resources */,
				790309C01F2603C20083B2A9 /* Main.storyboard in Resources */,
			);
			runOnlyForDeploymentPostprocessing = 0;
		};
		790309CC1F2603C30083B2A9 /* Resources */ = {
			isa = PBXResourcesBuildPhase;
			buildActionMask = 2147483647;
			files = (
			);
			runOnlyForDeploymentPostprocessing = 0;
		};
/* End PBXResourcesBuildPhase section */

/* Begin PBXShellScriptBuildPhase section */
		10B202392CC6B37311BBAA92 /* [CP] Copy Pods Resources */ = {
			isa = PBXShellScriptBuildPhase;
			buildActionMask = 2147483647;
			files = (
			);
			inputPaths = (
			);
			name = "[CP] Copy Pods Resources";
			outputPaths = (
			);
			runOnlyForDeploymentPostprocessing = 0;
			shellPath = /bin/sh;
			shellScript = "\"${SRCROOT}/Pods/Target Support Files/Pods-DB2Slider_testTask/Pods-DB2Slider_testTask-resources.sh\"\n";
			showEnvVarsInLog = 0;
		};
		66D6BDDC2C97A847034187A5 /* [CP] Embed Pods Frameworks */ = {
			isa = PBXShellScriptBuildPhase;
			buildActionMask = 2147483647;
			files = (
			);
			inputPaths = (
			);
			name = "[CP] Embed Pods Frameworks";
			outputPaths = (
			);
			runOnlyForDeploymentPostprocessing = 0;
			shellPath = /bin/sh;
			shellScript = "\"${SRCROOT}/Pods/Target Support Files/Pods-DB2Slider_testTask/Pods-DB2Slider_testTask-frameworks.sh\"\n";
			showEnvVarsInLog = 0;
		};
		9D222C0FF6B773917DF7E36C /* [CP] Check Pods Manifest.lock */ = {
			isa = PBXShellScriptBuildPhase;
			buildActionMask = 2147483647;
			files = (
			);
			inputPaths = (
			);
			name = "[CP] Check Pods Manifest.lock";
			outputPaths = (
			);
			runOnlyForDeploymentPostprocessing = 0;
			shellPath = /bin/sh;
			shellScript = "diff \"${PODS_PODFILE_DIR_PATH}/Podfile.lock\" \"${PODS_ROOT}/Manifest.lock\" > /dev/null\nif [ $? != 0 ] ; then\n    # print error to STDERR\n    echo \"error: The sandbox is not in sync with the Podfile.lock. Run 'pod install' or update your CocoaPods installation.\" >&2\n    exit 1\nfi\n";
			showEnvVarsInLog = 0;
		};
/* End PBXShellScriptBuildPhase section */

/* Begin PBXSourcesBuildPhase section */
		790309B31F2603C20083B2A9 /* Sources */ = {
			isa = PBXSourcesBuildPhase;
			buildActionMask = 2147483647;
			files = (
				79297C011F2A2222002178E3 /* LoginViewController.swift in Sources */,
				794286F81F2A3530002B0D0F /* lastMessageCC.swift in Sources */,
				790309BB1F2603C20083B2A9 /* AppDelegate.swift in Sources */,
				794286F41F2A31DC002B0D0F /* UsersAndMessages.swift in Sources */,
				7999964B1F260D1000126FE8 /* ViewControllerOne.swift in Sources */,
				794286F61F2A3403002B0D0F /* UserCC.swift in Sources */,
				790309C31F2603C30083B2A9 /* DB2Slider_testTask.xcdatamodeld in Sources */,
				790309E31F2604E70083B2A9 /* ViewControllerZero.swift in Sources */,
				799996491F260CBE00126FE8 /* ContactDetailsModel.swift in Sources */,
				799996561F26314E00126FE8 /* ContactDetailsCell.swift in Sources */,
				7999964F1F260D9B00126FE8 /* ViewControllerThree.swift in Sources */,
				793F6B341F28CFEC00ECD7DC /* DialogCell.swift in Sources */,
				7999964D1F260D3000126FE8 /* ViewControllerTwo.swift in Sources */,
				7999965A1F277E2200126FE8 /* Constants.swift in Sources */,
				7999965C1F2782B400126FE8 /* DialogDetailsVC.swift in Sources */,
			);
			runOnlyForDeploymentPostprocessing = 0;
		};
		790309CA1F2603C30083B2A9 /* Sources */ = {
			isa = PBXSourcesBuildPhase;
			buildActionMask = 2147483647;
			files = (
				790309D31F2603C30083B2A9 /* DB2Slider_testTaskTests.swift in Sources */,
			);
			runOnlyForDeploymentPostprocessing = 0;
		};
/* End PBXSourcesBuildPhase section */

/* Begin PBXTargetDependency section */
		790309D01F2603C30083B2A9 /* PBXTargetDependency */ = {
			isa = PBXTargetDependency;
			target = 790309B61F2603C20083B2A9 /* DB2Slider_testTask */;
			targetProxy = 790309CF1F2603C30083B2A9 /* PBXContainerItemProxy */;
		};
/* End PBXTargetDependency section */

/* Begin PBXVariantGroup section */
		790309BE1F2603C20083B2A9 /* Main.storyboard */ = {
			isa = PBXVariantGroup;
			children = (
				790309BF1F2603C20083B2A9 /* Base */,
			);
			name = Main.storyboard;
			sourceTree = "<group>";
		};
		790309C61F2603C30083B2A9 /* LaunchScreen.storyboard */ = {
			isa = PBXVariantGroup;
			children = (
				790309C71F2603C30083B2A9 /* Base */,
			);
			name = LaunchScreen.storyboard;
			sourceTree = "<group>";
		};
/* End PBXVariantGroup section */

/* Begin XCBuildConfiguration section */
		790309D51F2603C40083B2A9 /* Debug */ = {
			isa = XCBuildConfiguration;
			buildSettings = {
				ALWAYS_SEARCH_USER_PATHS = NO;
				CLANG_ANALYZER_NONNULL = YES;
				CLANG_CXX_LANGUAGE_STANDARD = "gnu++0x";
				CLANG_CXX_LIBRARY = "libc++";
				CLANG_ENABLE_MODULES = YES;
				CLANG_ENABLE_OBJC_ARC = YES;
				CLANG_WARN_BOOL_CONVERSION = YES;
				CLANG_WARN_CONSTANT_CONVERSION = YES;
				CLANG_WARN_DIRECT_OBJC_ISA_USAGE = YES_ERROR;
				CLANG_WARN_DOCUMENTATION_COMMENTS = YES;
				CLANG_WARN_EMPTY_BODY = YES;
				CLANG_WARN_ENUM_CONVERSION = YES;
				CLANG_WARN_INFINITE_RECURSION = YES;
				CLANG_WARN_INT_CONVERSION = YES;
				CLANG_WARN_OBJC_ROOT_CLASS = YES_ERROR;
				CLANG_WARN_SUSPICIOUS_MOVE = YES;
				CLANG_WARN_UNREACHABLE_CODE = YES;
				CLANG_WARN__DUPLICATE_METHOD_MATCH = YES;
				"CODE_SIGN_IDENTITY[sdk=iphoneos*]" = "iPhone Developer";
				COPY_PHASE_STRIP = NO;
				DEBUG_INFORMATION_FORMAT = dwarf;
				ENABLE_STRICT_OBJC_MSGSEND = YES;
				ENABLE_TESTABILITY = YES;
				GCC_C_LANGUAGE_STANDARD = gnu99;
				GCC_DYNAMIC_NO_PIC = NO;
				GCC_NO_COMMON_BLOCKS = YES;
				GCC_OPTIMIZATION_LEVEL = 0;
				GCC_PREPROCESSOR_DEFINITIONS = (
					"DEBUG=1",
					"$(inherited)",
				);
				GCC_WARN_64_TO_32_BIT_CONVERSION = YES;
				GCC_WARN_ABOUT_RETURN_TYPE = YES_ERROR;
				GCC_WARN_UNDECLARED_SELECTOR = YES;
				GCC_WARN_UNINITIALIZED_AUTOS = YES_AGGRESSIVE;
				GCC_WARN_UNUSED_FUNCTION = YES;
				GCC_WARN_UNUSED_VARIABLE = YES;
				IPHONEOS_DEPLOYMENT_TARGET = 10.2;
				MTL_ENABLE_DEBUG_INFO = YES;
				ONLY_ACTIVE_ARCH = YES;
				SDKROOT = iphoneos;
				SWIFT_ACTIVE_COMPILATION_CONDITIONS = DEBUG;
				SWIFT_OPTIMIZATION_LEVEL = "-Onone";
			};
			name = Debug;
		};
		790309D61F2603C40083B2A9 /* Release */ = {
			isa = XCBuildConfiguration;
			buildSettings = {
				ALWAYS_SEARCH_USER_PATHS = NO;
				CLANG_ANALYZER_NONNULL = YES;
				CLANG_CXX_LANGUAGE_STANDARD = "gnu++0x";
				CLANG_CXX_LIBRARY = "libc++";
				CLANG_ENABLE_MODULES = YES;
				CLANG_ENABLE_OBJC_ARC = YES;
				CLANG_WARN_BOOL_CONVERSION = YES;
				CLANG_WARN_CONSTANT_CONVERSION = YES;
				CLANG_WARN_DIRECT_OBJC_ISA_USAGE = YES_ERROR;
				CLANG_WARN_DOCUMENTATION_COMMENTS = YES;
				CLANG_WARN_EMPTY_BODY = YES;
				CLANG_WARN_ENUM_CONVERSION = YES;
				CLANG_WARN_INFINITE_RECURSION = YES;
				CLANG_WARN_INT_CONVERSION = YES;
				CLANG_WARN_OBJC_ROOT_CLASS = YES_ERROR;
				CLANG_WARN_SUSPICIOUS_MOVE = YES;
				CLANG_WARN_UNREACHABLE_CODE = YES;
				CLANG_WARN__DUPLICATE_METHOD_MATCH = YES;
				"CODE_SIGN_IDENTITY[sdk=iphoneos*]" = "iPhone Developer";
				COPY_PHASE_STRIP = NO;
				DEBUG_INFORMATION_FORMAT = "dwarf-with-dsym";
				ENABLE_NS_ASSERTIONS = NO;
				ENABLE_STRICT_OBJC_MSGSEND = YES;
				GCC_C_LANGUAGE_STANDARD = gnu99;
				GCC_NO_COMMON_BLOCKS = YES;
				GCC_WARN_64_TO_32_BIT_CONVERSION = YES;
				GCC_WARN_ABOUT_RETURN_TYPE = YES_ERROR;
				GCC_WARN_UNDECLARED_SELECTOR = YES;
				GCC_WARN_UNINITIALIZED_AUTOS = YES_AGGRESSIVE;
				GCC_WARN_UNUSED_FUNCTION = YES;
				GCC_WARN_UNUSED_VARIABLE = YES;
				IPHONEOS_DEPLOYMENT_TARGET = 10.2;
				MTL_ENABLE_DEBUG_INFO = NO;
				SDKROOT = iphoneos;
				SWIFT_OPTIMIZATION_LEVEL = "-Owholemodule";
				VALIDATE_PRODUCT = YES;
			};
			name = Release;
		};
		790309D81F2603C40083B2A9 /* Debug */ = {
			isa = XCBuildConfiguration;
			baseConfigurationReference = 3E5E67BCF78B3D79DE692B8C /* Pods-DB2Slider_testTask.debug.xcconfig */;
			buildSettings = {
				ASSETCATALOG_COMPILER_APPICON_NAME = AppIcon;
				DEVELOPMENT_TEAM = JPTEFF2RW3;
				INFOPLIST_FILE = DB2Slider_testTask/Info.plist;
				LD_RUNPATH_SEARCH_PATHS = "$(inherited) @executable_path/Frameworks";
				PRODUCT_BUNDLE_IDENTIFIER = "com.Patata-Matata.DB2Slider-testTask";
				PRODUCT_NAME = "$(TARGET_NAME)";
				SWIFT_VERSION = 3.0;
			};
			name = Debug;
		};
		790309D91F2603C40083B2A9 /* Release */ = {
			isa = XCBuildConfiguration;
			baseConfigurationReference = C1F0FDD6689A9DE050517559 /* Pods-DB2Slider_testTask.release.xcconfig */;
			buildSettings = {
				ASSETCATALOG_COMPILER_APPICON_NAME = AppIcon;
				DEVELOPMENT_TEAM = JPTEFF2RW3;
				INFOPLIST_FILE = DB2Slider_testTask/Info.plist;
				LD_RUNPATH_SEARCH_PATHS = "$(inherited) @executable_path/Frameworks";
				PRODUCT_BUNDLE_IDENTIFIER = "com.Patata-Matata.DB2Slider-testTask";
				PRODUCT_NAME = "$(TARGET_NAME)";
				SWIFT_VERSION = 3.0;
			};
			name = Release;
		};
		790309DB1F2603C40083B2A9 /* Debug */ = {
			isa = XCBuildConfiguration;
			buildSettings = {
				ALWAYS_EMBED_SWIFT_STANDARD_LIBRARIES = YES;
				BUNDLE_LOADER = "$(TEST_HOST)";
				DEVELOPMENT_TEAM = JPTEFF2RW3;
				INFOPLIST_FILE = DB2Slider_testTaskTests/Info.plist;
				LD_RUNPATH_SEARCH_PATHS = "$(inherited) @executable_path/Frameworks @loader_path/Frameworks";
				PRODUCT_BUNDLE_IDENTIFIER = "com.Patata-Matata.DB2Slider-testTaskTests";
				PRODUCT_NAME = "$(TARGET_NAME)";
				SWIFT_VERSION = 3.0;
				TEST_HOST = "$(BUILT_PRODUCTS_DIR)/DB2Slider_testTask.app/DB2Slider_testTask";
			};
			name = Debug;
		};
		790309DC1F2603C40083B2A9 /* Release */ = {
			isa = XCBuildConfiguration;
			buildSettings = {
				ALWAYS_EMBED_SWIFT_STANDARD_LIBRARIES = YES;
				BUNDLE_LOADER = "$(TEST_HOST)";
				DEVELOPMENT_TEAM = JPTEFF2RW3;
				INFOPLIST_FILE = DB2Slider_testTaskTests/Info.plist;
				LD_RUNPATH_SEARCH_PATHS = "$(inherited) @executable_path/Frameworks @loader_path/Frameworks";
				PRODUCT_BUNDLE_IDENTIFIER = "com.Patata-Matata.DB2Slider-testTaskTests";
				PRODUCT_NAME = "$(TARGET_NAME)";
				SWIFT_VERSION = 3.0;
				TEST_HOST = "$(BUILT_PRODUCTS_DIR)/DB2Slider_testTask.app/DB2Slider_testTask";
			};
			name = Release;
		};
/* End XCBuildConfiguration section */

/* Begin XCConfigurationList section */
		790309B21F2603C20083B2A9 /* Build configuration list for PBXProject "DB2Slider_testTask" */ = {
			isa = XCConfigurationList;
			buildConfigurations = (
				790309D51F2603C40083B2A9 /* Debug */,
				790309D61F2603C40083B2A9 /* Release */,
			);
			defaultConfigurationIsVisible = 0;
			defaultConfigurationName = Release;
		};
		790309D71F2603C40083B2A9 /* Build configuration list for PBXNativeTarget "DB2Slider_testTask" */ = {
			isa = XCConfigurationList;
			buildConfigurations = (
				790309D81F2603C40083B2A9 /* Debug */,
				790309D91F2603C40083B2A9 /* Release */,
			);
			defaultConfigurationIsVisible = 0;
			defaultConfigurationName = Release;
		};
		790309DA1F2603C40083B2A9 /* Build configuration list for PBXNativeTarget "DB2Slider_testTaskTests" */ = {
			isa = XCConfigurationList;
			buildConfigurations = (
				790309DB1F2603C40083B2A9 /* Debug */,
				790309DC1F2603C40083B2A9 /* Release */,
			);
			defaultConfigurationIsVisible = 0;
			defaultConfigurationName = Release;
		};
/* End XCConfigurationList section */

/* Begin XCVersionGroup section */
		790309C11F2603C30083B2A9 /* DB2Slider_testTask.xcdatamodeld */ = {
			isa = XCVersionGroup;
			children = (
				790309C21F2603C30083B2A9 /* DB2Slider_testTask.xcdatamodel */,
			);
			currentVersion = 790309C21F2603C30083B2A9 /* DB2Slider_testTask.xcdatamodel */;
			path = DB2Slider_testTask.xcdatamodeld;
			sourceTree = "<group>";
			versionGroupType = wrapper.xcdatamodel;
		};
/* End XCVersionGroup section */
	};
	rootObject = 790309AF1F2603C20083B2A9 /* Project object */;
}
